# THIS IS AN AUTOGENERATED FILE. DO NOT EDIT THIS FILE DIRECTLY.
# yarn lockfile v1


"@rsthn/rin@^2.0.28":
  version "2.0.28"
  resolved "https://registry.yarnpkg.com/@rsthn/rin/-/rin-2.0.28.tgz#aae6a1f678134b68ab4d529525b68006221baa77"
  integrity sha512-DVu3N7Nmw0jr8kXNsvqXQawVx+8Aa3Ddti+Tt4XZimXZj5zcFu5kqqNzaNcPKlpuEX3bdIKw9vUGk0MuEV9uZg==
  dependencies:
    base-64 "^1.0.0"
    node-fetch "^2.6.1"

base-64@^1.0.0:
  version "1.0.0"
  resolved "https://registry.yarnpkg.com/base-64/-/base-64-1.0.0.tgz#09d0f2084e32a3fd08c2475b973788eee6ae8f4a"
  integrity sha512-kwDPIFCGx0NZHog36dj+tHiwP4QMzsZ3AgMViUBKI0+V5n4U0ufTCUMhnQ04diaRI8EX/QcPfql7zlhZ7j4zgg==

filereader@^0.10.3:
  version "0.10.3"
  resolved "https://registry.yarnpkg.com/filereader/-/filereader-0.10.3.tgz#c747d4a2cd8f61e5418a7c07fe1257a43f0acdb1"
  integrity sha1-x0fUos2PYeVBinwH/hJXpD8KzbE=

image-size@^0.9.7:
  version "0.9.7"
  resolved "https://registry.yarnpkg.com/image-size/-/image-size-0.9.7.tgz#43b4ead4b1310d5ae310a559d52935a347e47c09"
  integrity sha512-KRVgLNZkr00YGN0qn9MlIrmlxbRhsCcEb1Byq3WKGnIV4M48iD185cprRtaoK4t5iC+ym2Q5qlArxZ/V1yzDgA==
  dependencies:
    queue "6.0.2"

inherits@~2.0.3:
  version "2.0.4"
  resolved "https://registry.yarnpkg.com/inherits/-/inherits-2.0.4.tgz#0fa2c64f932917c3433a0ded55363aae37416b7c"
  integrity sha512-k/vGaX4/Yla3WzyMCvTQOXYeIHvqOKtnqBduzTHpzpQZzAskKMhZ2K+EnBiSM9zGSoIFeMpXKxa4dYeZIQqewQ==

node-fetch@^2.6.1:
  version "2.6.1"
  resolved "https://registry.yarnpkg.com/node-fetch/-/node-fetch-2.6.1.tgz#045bd323631f76ed2e2b55573394416b639a0052"
  integrity sha512-V4aYg89jEoVRxRb2fJdAg8FHvI7cEyYdVAh94HH0UIK8oJxUfkjlDQN9RbMx+bEjP7+ggMiFRprSti032Oipxw==

queue@6.0.2:
  version "6.0.2"
  resolved "https://registry.yarnpkg.com/queue/-/queue-6.0.2.tgz#b91525283e2315c7553d2efa18d83e76432fed65"
  integrity sha512-iHZWu+q3IdFZFX36ro/lKBkSvfkztY5Y7HMiPlOUjhupPcG2JMfst2KKEpu5XndviX/3UhFbRngUPNKtgvtZiA==
  dependencies:
    inherits "~2.0.3"
